PODS:
  - flourish_flutter_sdk (0.0.1):
    - Flutter
  - Flutter (1.0.0)
  - webview_flutter (0.0.1):
    - Flutter

DEPENDENCIES:
  - flourish_flutter_sdk (from `.symlinks/plugins/flourish_flutter_sdk/ios`)
  - Flutter (from `Flutter`)
  - webview_flutter (from `.symlinks/plugins/webview_flutter/ios`)

EXTERNAL SOURCES:
  flourish_flutter_sdk:
    :path: ".symlinks/plugins/flourish_flutter_sdk/ios"
  Flutter:
    :path: Flutter
  webview_flutter:
    :path: ".symlinks/plugins/webview_flutter/ios"

SPEC CHECKSUMS:
  flourish_flutter_sdk: 1cc79d054cfe5d87f49692e94886e17ecd219a67
  Flutter: 434fef37c0980e73bb6479ef766c45957d4b510c
  webview_flutter: 9f491a9b5a66f2573946a389b2677987b0ff8c0b

PODFILE CHECKSUM: aafe91acc616949ddb318b77800a7f51bffa2a4c

COCOAPODS: 1.10.1
